
Microsoft Visual Studio Solution File, Format Version 12.00
# Visual Studio Version 16
VisualStudioVersion = 16.0.31205.134
MinimumVisualStudioVersion = 10.0.40219.1
Project("{FAE04EC0-301F-11D3-BF4B-00C04F79EFBC}") = "BolsaTrabajo_RestAPI", "BolsaTrabajo_RestAPI\BolsaTrabajo_RestAPI.csproj", "{5AF016C5-D2E1-4E84-B376-B12DEBEDDE48}"
EndProject
Project("{FAE04EC0-301F-11D3-BF4B-00C04F79EFBC}") = "BolsaTrabajo_Domain", "BolsaTrabajo_Domain\BolsaTrabajo_Domain.csproj", "{9FFB1B3C-F838-4AC6-9CC3-A7F4312E0E40}"
EndProject
Global
	GlobalSection(SolutionConfigurationPlatforms) = preSolution
		Debug|Any CPU = Debug|Any CPU
		Release|Any CPU = Release|Any CPU
	EndGlobalSection
	GlobalSection(ProjectConfigurationPlatforms) = postSolution
		{5AF016C5-D2E1-4E84-B376-B12DEBEDDE48}.Debug|Any CPU.ActiveCfg = Debug|Any CPU
		{5AF016C5-D2E1-4E84-B376-B12DEBEDDE48}.Debug|Any CPU.Build.0 = Debug|Any CPU
		{5AF016C5-D2E1-4E84-B376-B12DEBEDDE48}.Release|Any CPU.ActiveCfg = Release|Any CPU
		{5AF016C5-D2E1-4E84-B376-B12DEBEDDE48}.Release|Any CPU.Build.0 = Release|Any CPU
		{9FFB1B3C-F838-4AC6-9CC3-A7F4312E0E40}.Debug|Any CPU.ActiveCfg = Debug|Any CPU
		{9FFB1B3C-F838-4AC6-9CC3-A7F4312E0E40}.Debug|Any CPU.Build.0 = Debug|Any CPU
		{9FFB1B3C-F838-4AC6-9CC3-A7F4312E0E40}.Release|Any CPU.ActiveCfg = Release|Any CPU
		{9FFB1B3C-F838-4AC6-9CC3-A7F4312E0E40}.Release|Any CPU.Build.0 = Release|Any CPU
	EndGlobalSection
	GlobalSection(SolutionProperties) = preSolution
		HideSolutionNode = FALSE
	EndGlobalSection
	GlobalSection(ExtensibilityGlobals) = postSolution
		SolutionGuid = {9DD3027D-36EF-417F-BB6B-B68C8EF6DD07}
	EndGlobalSection
EndGlobal
